Microsoft Visual Studio Solution File, Format Version 8.00
Project("{8BC9CEB8-8B4A-11D0-8D11-00A0C91BC942}") = "EasyPhp", "EasyPhp.vcproj", "{F7C3D488-0F43-4F74-B7DB-F3BBF69B20FB}"
	ProjectSection(ProjectDependencies) = postProject
	EndProjectSection
EndProject
Global
	GlobalSection(SolutionConfiguration) = preSolution
		Debug = Debug
		Release = Release
		V2 Debug = V2 Debug
		V2 Release = V2 Release
	EndGlobalSection
	GlobalSection(ProjectConfiguration) = postSolution
		{F7C3D488-0F43-4F74-B7DB-F3BBF69B20FB}.Debug.ActiveCfg = Debug|Win32
		{F7C3D488-0F43-4F74-B7DB-F3BBF69B20FB}.Debug.Build.0 = Debug|Win32
		{F7C3D488-0F43-4F74-B7DB-F3BBF69B20FB}.Release.ActiveCfg = Release|Win32
		{F7C3D488-0F43-4F74-B7DB-F3BBF69B20FB}.Release.Build.0 = Release|Win32
		{F7C3D488-0F43-4F74-B7DB-F3BBF69B20FB}.V2 Debug.ActiveCfg = V2 Debug|Win32
		{F7C3D488-0F43-4F74-B7DB-F3BBF69B20FB}.V2 Debug.Build.0 = V2 Debug|Win32
		{F7C3D488-0F43-4F74-B7DB-F3BBF69B20FB}.V2 Release.ActiveCfg = V2 Release|Win32
		{F7C3D488-0F43-4F74-B7DB-F3BBF69B20FB}.V2 Release.Build.0 = V2 Release|Win32
	EndGlobalSection
	GlobalSection(ExtensibilityGlobals) = postSolution
	EndGlobalSection
	GlobalSection(ExtensibilityAddIns) = postSolution
	EndGlobalSection
EndGlobal
